
Microsoft Visual Studio Solution File, Format Version 12.00
# Visual Studio 15
VisualStudioVersion = 15.0.28307.705
MinimumVisualStudioVersion = 10.0.40219.1
Project("{9A19103F-16F7-4668-BE54-9A1E7A4F7556}") = "QuickStart.Web", "QuickStart\QuickStart.Web.csproj", "{8B3CA752-403A-4E49-A79F-2DD7E330D4BA}"
EndProject
Project("{9A19103F-16F7-4668-BE54-9A1E7A4F7556}") = "QuickStart.Core", "QuickStart.Core\QuickStart.Core.csproj", "{795D5ED4-7A8D-4F84-A5B4-B173891F8CA7}"
EndProject
Project("{9A19103F-16F7-4668-BE54-9A1E7A4F7556}") = "QuickStart.Tests", "QuickStart.Tests\QuickStart.Tests.csproj", "{F1ABE50B-8FC6-4458-91F7-AA1BC153A98C}"
EndProject
Project("{9A19103F-16F7-4668-BE54-9A1E7A4F7556}") = "QuickStart.Application", "QuickStart.Application\QuickStart.Application.csproj", "{52EB1687-266A-4FA4-B4CD-6FEAAB2CD092}"
EndProject
Project("{FAE04EC0-301F-11D3-BF4B-00C04F79EFBC}") = "QuickStart.Shared", "QuickStart.Shared\QuickStart.Shared.csproj", "{52D95FB9-5E87-474B-9CCF-1D838A5925DC}"
EndProject
Global
	GlobalSection(SolutionConfigurationPlatforms) = preSolution
		Debug|Any CPU = Debug|Any CPU
		Release|Any CPU = Release|Any CPU
	EndGlobalSection
	GlobalSection(ProjectConfigurationPlatforms) = postSolution
		{8B3CA752-403A-4E49-A79F-2DD7E330D4BA}.Debug|Any CPU.ActiveCfg = Debug|Any CPU
		{8B3CA752-403A-4E49-A79F-2DD7E330D4BA}.Debug|Any CPU.Build.0 = Debug|Any CPU
		{8B3CA752-403A-4E49-A79F-2DD7E330D4BA}.Release|Any CPU.ActiveCfg = Release|Any CPU
		{8B3CA752-403A-4E49-A79F-2DD7E330D4BA}.Release|Any CPU.Build.0 = Release|Any CPU
		{795D5ED4-7A8D-4F84-A5B4-B173891F8CA7}.Debug|Any CPU.ActiveCfg = Debug|Any CPU
		{795D5ED4-7A8D-4F84-A5B4-B173891F8CA7}.Debug|Any CPU.Build.0 = Debug|Any CPU
		{795D5ED4-7A8D-4F84-A5B4-B173891F8CA7}.Release|Any CPU.ActiveCfg = Release|Any CPU
		{795D5ED4-7A8D-4F84-A5B4-B173891F8CA7}.Release|Any CPU.Build.0 = Release|Any CPU
		{F1ABE50B-8FC6-4458-91F7-AA1BC153A98C}.Debug|Any CPU.ActiveCfg = Debug|Any CPU
		{F1ABE50B-8FC6-4458-91F7-AA1BC153A98C}.Debug|Any CPU.Build.0 = Debug|Any CPU
		{F1ABE50B-8FC6-4458-91F7-AA1BC153A98C}.Release|Any CPU.ActiveCfg = Release|Any CPU
		{F1ABE50B-8FC6-4458-91F7-AA1BC153A98C}.Release|Any CPU.Build.0 = Release|Any CPU
		{52EB1687-266A-4FA4-B4CD-6FEAAB2CD092}.Debug|Any CPU.ActiveCfg = Debug|Any CPU
		{52EB1687-266A-4FA4-B4CD-6FEAAB2CD092}.Debug|Any CPU.Build.0 = Debug|Any CPU
		{52EB1687-266A-4FA4-B4CD-6FEAAB2CD092}.Release|Any CPU.ActiveCfg = Release|Any CPU
		{52EB1687-266A-4FA4-B4CD-6FEAAB2CD092}.Release|Any CPU.Build.0 = Release|Any CPU
		{52D95FB9-5E87-474B-9CCF-1D838A5925DC}.Debug|Any CPU.ActiveCfg = Debug|Any CPU
		{52D95FB9-5E87-474B-9CCF-1D838A5925DC}.Debug|Any CPU.Build.0 = Debug|Any CPU
		{52D95FB9-5E87-474B-9CCF-1D838A5925DC}.Release|Any CPU.ActiveCfg = Release|Any CPU
		{52D95FB9-5E87-474B-9CCF-1D838A5925DC}.Release|Any CPU.Build.0 = Release|Any CPU
	EndGlobalSection
	GlobalSection(SolutionProperties) = preSolution
		HideSolutionNode = FALSE
	EndGlobalSection
	GlobalSection(ExtensibilityGlobals) = postSolution
		SolutionGuid = {326A411F-165C-44CF-96D5-FAD6A17271A6}
	EndGlobalSection
EndGlobal
